// !$*UTF8*$!
{
	archiveVersion = 1;
	classes = {
	};
	objectVersion = 56;
	objects = {

/* Begin PBXBuildFile section */
		4019215F2A996512008E8BB4 /* Data.swift in Sources */ = {isa = PBXBuildFile; fileRef = 4019215E2A996512008E8BB4 /* Data.swift */; };
		401921622A9965F0008E8BB4 /* Utils.swift in Sources */ = {isa = PBXBuildFile; fileRef = 401921612A9965F0008E8BB4 /* Utils.swift */; };
		401921642A996727008E8BB4 /* VenusModel.swift in Sources */ = {isa = PBXBuildFile; fileRef = 401921632A996727008E8BB4 /* VenusModel.swift */; };
		401921672A9A4C5A008E8BB4 /* HourlyForecastRow.swift in Sources */ = {isa = PBXBuildFile; fileRef = 401921662A9A4C5A008E8BB4 /* HourlyForecastRow.swift */; };
		4050283F2A93DF2700247F32 /* DailyForecastView.swift in Sources */ = {isa = PBXBuildFile; fileRef = 4050283E2A93DF2700247F32 /* DailyForecastView.swift */; };
		405028432A93E98300247F32 /* HourlyForecastView.swift in Sources */ = {isa = PBXBuildFile; fileRef = 405028422A93E98300247F32 /* HourlyForecastView.swift */; };
		4094C8E82A915BF2006EBE87 /* VenusWeatherMacApp.swift in Sources */ = {isa = PBXBuildFile; fileRef = 4094C8E72A915BF2006EBE87 /* VenusWeatherMacApp.swift */; };
		4094C8EA2A915BF2006EBE87 /* ContentView.swift in Sources */ = {isa = PBXBuildFile; fileRef = 4094C8E92A915BF2006EBE87 /* ContentView.swift */; };
		4094C8EC2A915BF3006EBE87 /* Assets.xcassets in Resources */ = {isa = PBXBuildFile; fileRef = 4094C8EB2A915BF3006EBE87 /* Assets.xcassets */; };
		4094C8EF2A915BF3006EBE87 /* Preview Assets.xcassets in Resources */ = {isa = PBXBuildFile; fileRef = 4094C8EE2A915BF3006EBE87 /* Preview Assets.xcassets */; };
		4094C8FC2A9170ED006EBE87 /* MainContentView.swift in Sources */ = {isa = PBXBuildFile; fileRef = 4094C8FB2A9170ED006EBE87 /* MainContentView.swift */; };
		4094C8FF2A9176F0006EBE87 /* Fonts.swift in Sources */ = {isa = PBXBuildFile; fileRef = 4094C8FE2A9176F0006EBE87 /* Fonts.swift */; };
/* End PBXBuildFile section */

/* Begin PBXFileReference section */
		4019215E2A996512008E8BB4 /* Data.swift */ = {isa = PBXFileReference; lastKnownFileType = sourcecode.swift; path = Data.swift; sourceTree = "<group>"; };
		401921612A9965F0008E8BB4 /* Utils.swift */ = {isa = PBXFileReference; lastKnownFileType = sourcecode.swift; path = Utils.swift; sourceTree = "<group>"; };
		401921632A996727008E8BB4 /* VenusModel.swift */ = {isa = PBXFileReference; lastKnownFileType = sourcecode.swift; path = VenusModel.swift; sourceTree = "<group>"; };
		401921662A9A4C5A008E8BB4 /* HourlyForecastRow.swift */ = {isa = PBXFileReference; lastKnownFileType = sourcecode.swift; path = HourlyForecastRow.swift; sourceTree = "<group>"; };
		4050283E2A93DF2700247F32 /* DailyForecastView.swift */ = {isa = PBXFileReference; lastKnownFileType = sourcecode.swift; path = DailyForecastView.swift; sourceTree = "<group>"; };
		405028422A93E98300247F32 /* HourlyForecastView.swift */ = {isa = PBXFileReference; lastKnownFileType = sourcecode.swift; path = HourlyForecastView.swift; sourceTree = "<group>"; };
		4094C8E42A915BF2006EBE87 /* VenusWeatherMac.app */ = {isa = PBXFileReference; explicitFileType = wrapper.application; includeInIndex = 0; path = VenusWeatherMac.app; sourceTree = BUILT_PRODUCTS_DIR; };
		4094C8E72A915BF2006EBE87 /* VenusWeatherMacApp.swift */ = {isa = PBXFileReference; lastKnownFileType = sourcecode.swift; path = VenusWeatherMacApp.swift; sourceTree = "<group>"; };
		4094C8E92A915BF2006EBE87 /* ContentView.swift */ = {isa = PBXFileReference; lastKnownFileType = sourcecode.swift; path = ContentView.swift; sourceTree = "<group>"; };
		4094C8EB2A915BF3006EBE87 /* Assets.xcassets */ = {isa = PBXFileReference; lastKnownFileType = folder.assetcatalog; path = Assets.xcassets; sourceTree = "<group>"; };
		4094C8EE2A915BF3006EBE87 /* Preview Assets.xcassets */ = {isa = PBXFileReference; lastKnownFileType = folder.assetcatalog; path = "Preview Assets.xcassets"; sourceTree = "<group>"; };
		4094C8F52A915BF3006EBE87 /* VenusWeatherMac.entitlements */ = {isa = PBXFileReference; lastKnownFileType = text.plist.entitlements; path = VenusWeatherMac.entitlements; sourceTree = "<group>"; };
		4094C8FB2A9170ED006EBE87 /* MainContentView.swift */ = {isa = PBXFileReference; lastKnownFileType = sourcecode.swift; path = MainContentView.swift; sourceTree = "<group>"; };
		4094C8FE2A9176F0006EBE87 /* Fonts.swift */ = {isa = PBXFileReference; lastKnownFileType = sourcecode.swift; path = Fonts.swift; sourceTree = "<group>"; };
/* End PBXFileReference section */

/* Begin PBXFrameworksBuildPhase section */
		4094C8E12A915BF2006EBE87 /* Frameworks */ = {
			isa = PBXFrameworksBuildPhase;
			buildActionMask = 2147483647;
			files = (
			);
			runOnlyForDeploymentPostprocessing = 0;
		};
/* End PBXFrameworksBuildPhase section */

/* Begin PBXGroup section */
		4019215D2A9964FF008E8BB4 /* Models */ = {
			isa = PBXGroup;
			children = (
				4019215E2A996512008E8BB4 /* Data.swift */,
				401921632A996727008E8BB4 /* VenusModel.swift */,
			);
			path = Models;
			sourceTree = "<group>";
		};
		401921602A9965DF008E8BB4 /* Helpers */ = {
			isa = PBXGroup;
			children = (
				401921612A9965F0008E8BB4 /* Utils.swift */,
			);
			path = Helpers;
			sourceTree = "<group>";
		};
		401921652A996973008E8BB4 /* Views */ = {
			isa = PBXGroup;
			children = (
				4050283E2A93DF2700247F32 /* DailyForecastView.swift */,
				405028422A93E98300247F32 /* HourlyForecastView.swift */,
				401921662A9A4C5A008E8BB4 /* HourlyForecastRow.swift */,
			);
			path = Views;
			sourceTree = "<group>";
		};
		4094C8DB2A915BF2006EBE87 = {
			isa = PBXGroup;
			children = (
				4094C8E62A915BF2006EBE87 /* VenusWeatherMac */,
				4094C8E52A915BF2006EBE87 /* Products */,
			);
			sourceTree = "<group>";
		};
		4094C8E52A915BF2006EBE87 /* Products */ = {
			isa = PBXGroup;
			children = (
				4094C8E42A915BF2006EBE87 /* VenusWeatherMac.app */,
			);
			name = Products;
			sourceTree = "<group>";
		};
		4094C8E62A915BF2006EBE87 /* VenusWeatherMac */ = {
			isa = PBXGroup;
			children = (
				401921652A996973008E8BB4 /* Views */,
				401921602A9965DF008E8BB4 /* Helpers */,
				4019215D2A9964FF008E8BB4 /* Models */,
				4094C8FD2A9176DF006EBE87 /* DesignSystem */,
				4094C8E72A915BF2006EBE87 /* VenusWeatherMacApp.swift */,
				4094C8E92A915BF2006EBE87 /* ContentView.swift */,
				4094C8FB2A9170ED006EBE87 /* MainContentView.swift */,
				4094C8EB2A915BF3006EBE87 /* Assets.xcassets */,
				4094C8F52A915BF3006EBE87 /* VenusWeatherMac.entitlements */,
				4094C8ED2A915BF3006EBE87 /* Preview Content */,
			);
			path = VenusWeatherMac;
			sourceTree = "<group>";
		};
		4094C8ED2A915BF3006EBE87 /* Preview Content */ = {
			isa = PBXGroup;
			children = (
				4094C8EE2A915BF3006EBE87 /* Preview Assets.xcassets */,
			);
			path = "Preview Content";
			sourceTree = "<group>";
		};
		4094C8FD2A9176DF006EBE87 /* DesignSystem */ = {
			isa = PBXGroup;
			children = (
				4094C8FE2A9176F0006EBE87 /* Fonts.swift */,
			);
			path = DesignSystem;
			sourceTree = "<group>";
		};
/* End PBXGroup section */

/* Begin PBXNativeTarget section */
		4094C8E32A915BF2006EBE87 /* VenusWeatherMac */ = {
			isa = PBXNativeTarget;
			buildConfigurationList = 4094C8F82A915BF3006EBE87 /* Build configuration list for PBXNativeTarget "VenusWeatherMac" */;
			buildPhases = (
				4094C8E02A915BF2006EBE87 /* Sources */,
				4094C8E12A915BF2006EBE87 /* Frameworks */,
				4094C8E22A915BF2006EBE87 /* Resources */,
			);
			buildRules = (
			);
			dependencies = (
			);
			name = VenusWeatherMac;
			productName = VenusWeatherMac;
			productReference = 4094C8E42A915BF2006EBE87 /* VenusWeatherMac.app */;
			productType = "com.apple.product-type.application";
		};
/* End PBXNativeTarget section */

/* Begin PBXProject section */
		4094C8DC2A915BF2006EBE87 /* Project object */ = {
			isa = PBXProject;
			attributes = {
				BuildIndependentTargetsInParallel = 1;
				LastSwiftUpdateCheck = 1430;
				LastUpgradeCheck = 1430;
				TargetAttributes = {
					4094C8E32A915BF2006EBE87 = {
						CreatedOnToolsVersion = 14.3.1;
					};
				};
			};
			buildConfigurationList = 4094C8DF2A915BF2006EBE87 /* Build configuration list for PBXProject "VenusWeatherMac" */;
			compatibilityVersion = "Xcode 14.0";
			developmentRegion = en;
			hasScannedForEncodings = 0;
			knownRegions = (
				en,
				Base,
			);
			mainGroup = 4094C8DB2A915BF2006EBE87;
			productRefGroup = 4094C8E52A915BF2006EBE87 /* Products */;
			projectDirPath = "";
			projectRoot = "";
			targets = (
				4094C8E32A915BF2006EBE87 /* VenusWeatherMac */,
			);
		};
/* End PBXProject section */

/* Begin PBXResourcesBuildPhase section */
		4094C8E22A915BF2006EBE87 /* Resources */ = {
			isa = PBXResourcesBuildPhase;
			buildActionMask = 2147483647;
			files = (
				4094C8EF2A915BF3006EBE87 /* Preview Assets.xcassets in Resources */,
				4094C8EC2A915BF3006EBE87 /* Assets.xcassets in Resources */,
			);
			runOnlyForDeploymentPostprocessing = 0;
		};
/* End PBXResourcesBuildPhase section */

/* Begin PBXSourcesBuildPhase section */
		4094C8E02A915BF2006EBE87 /* Sources */ = {
			isa = PBXSourcesBuildPhase;
			buildActionMask = 2147483647;
			files = (
				4050283F2A93DF2700247F32 /* DailyForecastView.swift in Sources */,
				4094C8EA2A915BF2006EBE87 /* ContentView.swift in Sources */,
				401921672A9A4C5A008E8BB4 /* HourlyForecastRow.swift in Sources */,
				401921622A9965F0008E8BB4 /* Utils.swift in Sources */,
				4094C8E82A915BF2006EBE87 /* VenusWeatherMacApp.swift in Sources */,
				405028432A93E98300247F32 /* HourlyForecastView.swift in Sources */,
				4094C8FF2A9176F0006EBE87 /* Fonts.swift in Sources */,
				401921642A996727008E8BB4 /* VenusModel.swift in Sources */,
				4094C8FC2A9170ED006EBE87 /* MainContentView.swift in Sources */,
				4019215F2A996512008E8BB4 /* Data.swift in Sources */,
			);
			runOnlyForDeploymentPostprocessing = 0;
		};
/* End PBXSourcesBuildPhase section */

/* Begin XCBuildConfiguration section */
		4094C8F62A915BF3006EBE87 /* Debug */ = {
			isa = XCBuildConfiguration;
			buildSettings = {
				ALWAYS_SEARCH_USER_PATHS = NO;
				CLANG_ANALYZER_NONNULL = YES;
				CLANG_ANALYZER_NUMBER_OBJECT_CONVERSION = YES_AGGRESSIVE;
				CLANG_CXX_LANGUAGE_STANDARD = "gnu++20";
				CLANG_ENABLE_MODULES = YES;
				CLANG_ENABLE_OBJC_ARC = YES;
				CLANG_ENABLE_OBJC_WEAK = YES;
				CLANG_WARN_BLOCK_CAPTURE_AUTORELEASING = YES;
				CLANG_WARN_BOOL_CONVERSION = YES;
				CLANG_WARN_COMMA = YES;
				CLANG_WARN_CONSTANT_CONVERSION = YES;
				CLANG_WARN_DEPRECATED_OBJC_IMPLEMENTATIONS = YES;
				CLANG_WARN_DIRECT_OBJC_ISA_USAGE = YES_ERROR;
				CLANG_WARN_DOCUMENTATION_COMMENTS = YES;
				CLANG_WARN_EMPTY_BODY = YES;
				CLANG_WARN_ENUM_CONVERSION = YES;
				CLANG_WARN_INFINITE_RECURSION = YES;
				CLANG_WARN_INT_CONVERSION = YES;
				CLANG_WARN_NON_LITERAL_NULL_CONVERSION = YES;
				CLANG_WARN_OBJC_IMPLICIT_RETAIN_SELF = YES;
				CLANG_WARN_OBJC_LITERAL_CONVERSION = YES;
				CLANG_WARN_OBJC_ROOT_CLASS = YES_ERROR;
				CLANG_WARN_QUOTED_INCLUDE_IN_FRAMEWORK_HEADER = YES;
				CLANG_WARN_RANGE_LOOP_ANALYSIS = YES;
				CLANG_WARN_STRICT_PROTOTYPES = YES;
				CLANG_WARN_SUSPICIOUS_MOVE = YES;
				CLANG_WARN_UNGUARDED_AVAILABILITY = YES_AGGRESSIVE;
				CLANG_WARN_UNREACHABLE_CODE = YES;
				CLANG_WARN__DUPLICATE_METHOD_MATCH = YES;
				COPY_PHASE_STRIP = NO;
				DEBUG_INFORMATION_FORMAT = dwarf;
				ENABLE_STRICT_OBJC_MSGSEND = YES;
				ENABLE_TESTABILITY = YES;
				GCC_C_LANGUAGE_STANDARD = gnu11;
				GCC_DYNAMIC_NO_PIC = NO;
				GCC_NO_COMMON_BLOCKS = YES;
				GCC_OPTIMIZATION_LEVEL = 0;
				GCC_PREPROCESSOR_DEFINITIONS = (
					"DEBUG=1",
					"$(inherited)",
				);
				GCC_WARN_64_TO_32_BIT_CONVERSION = YES;
				GCC_WARN_ABOUT_RETURN_TYPE = YES_ERROR;
				GCC_WARN_UNDECLARED_SELECTOR = YES;
				GCC_WARN_UNINITIALIZED_AUTOS = YES_AGGRESSIVE;
				GCC_WARN_UNUSED_FUNCTION = YES;
				GCC_WARN_UNUSED_VARIABLE = YES;
				MACOSX_DEPLOYMENT_TARGET = 13.3;
				MTL_ENABLE_DEBUG_INFO = INCLUDE_SOURCE;
				MTL_FAST_MATH = YES;
				ONLY_ACTIVE_ARCH = YES;
				SDKROOT = macosx;
				SWIFT_ACTIVE_COMPILATION_CONDITIONS = DEBUG;
				SWIFT_OPTIMIZATION_LEVEL = "-Onone";
			};
			name = Debug;
		};
		4094C8F72A915BF3006EBE87 /* Release */ = {
			isa = XCBuildConfiguration;
			buildSettings = {
				ALWAYS_SEARCH_USER_PATHS = NO;
				CLANG_ANALYZER_NONNULL = YES;
				CLANG_ANALYZER_NUMBER_OBJECT_CONVERSION = YES_AGGRESSIVE;
				CLANG_CXX_LANGUAGE_STANDARD = "gnu++20";
				CLANG_ENABLE_MODULES = YES;
				CLANG_ENABLE_OBJC_ARC = YES;
				CLANG_ENABLE_OBJC_WEAK = YES;
				CLANG_WARN_BLOCK_CAPTURE_AUTORELEASING = YES;
				CLANG_WARN_BOOL_CONVERSION = YES;
				CLANG_WARN_COMMA = YES;
				CLANG_WARN_CONSTANT_CONVERSION = YES;
				CLANG_WARN_DEPRECATED_OBJC_IMPLEMENTATIONS = YES;
				CLANG_WARN_DIRECT_OBJC_ISA_USAGE = YES_ERROR;
				CLANG_WARN_DOCUMENTATION_COMMENTS = YES;
				CLANG_WARN_EMPTY_BODY = YES;
				CLANG_WARN_ENUM_CONVERSION = YES;
				CLANG_WARN_INFINITE_RECURSION = YES;
				CLANG_WARN_INT_CONVERSION = YES;
				CLANG_WARN_NON_LITERAL_NULL_CONVERSION = YES;
				CLANG_WARN_OBJC_IMPLICIT_RETAIN_SELF = YES;
				CLANG_WARN_OBJC_LITERAL_CONVERSION = YES;
				CLANG_WARN_OBJC_ROOT_CLASS = YES_ERROR;
				CLANG_WARN_QUOTED_INCLUDE_IN_FRAMEWORK_HEADER = YES;
				CLANG_WARN_RANGE_LOOP_ANALYSIS = YES;
				CLANG_WARN_STRICT_PROTOTYPES = YES;
				CLANG_WARN_SUSPICIOUS_MOVE = YES;
				CLANG_WARN_UNGUARDED_AVAILABILITY = YES_AGGRESSIVE;
				CLANG_WARN_UNREACHABLE_CODE = YES;
				CLANG_WARN__DUPLICATE_METHOD_MATCH = YES;
				COPY_PHASE_STRIP = NO;
				DEBUG_INFORMATION_FORMAT = "dwarf-with-dsym";
				ENABLE_NS_ASSERTIONS = NO;
				ENABLE_STRICT_OBJC_MSGSEND = YES;
				GCC_C_LANGUAGE_STANDARD = gnu11;
				GCC_NO_COMMON_BLOCKS = YES;
				GCC_WARN_64_TO_32_BIT_CONVERSION = YES;
				GCC_WARN_ABOUT_RETURN_TYPE = YES_ERROR;
				GCC_WARN_UNDECLARED_SELECTOR = YES;
				GCC_WARN_UNINITIALIZED_AUTOS = YES_AGGRESSIVE;
				GCC_WARN_UNUSED_FUNCTION = YES;
				GCC_WARN_UNUSED_VARIABLE = YES;
				MACOSX_DEPLOYMENT_TARGET = 13.3;
				MTL_ENABLE_DEBUG_INFO = NO;
				MTL_FAST_MATH = YES;
				SDKROOT = macosx;
				SWIFT_COMPILATION_MODE = wholemodule;
				SWIFT_OPTIMIZATION_LEVEL = "-O";
			};
			name = Release;
		};
		4094C8F92A915BF3006EBE87 /* Debug */ = {
			isa = XCBuildConfiguration;
			buildSettings = {
				ASSETCATALOG_COMPILER_APPICON_NAME = AppIcon;
				ASSETCATALOG_COMPILER_GLOBAL_ACCENT_COLOR_NAME = AccentColor;
				CODE_SIGN_ENTITLEMENTS = VenusWeatherMac/VenusWeatherMac.entitlements;
				CODE_SIGN_STYLE = Automatic;
				COMBINE_HIDPI_IMAGES = YES;
				CURRENT_PROJECT_VERSION = 1;
				DEVELOPMENT_ASSET_PATHS = "\"VenusWeatherMac/Preview Content\"";
				DEVELOPMENT_TEAM = ZM7Z6QL6F3;
				ENABLE_HARDENED_RUNTIME = YES;
				ENABLE_PREVIEWS = YES;
				GENERATE_INFOPLIST_FILE = YES;
				INFOPLIST_KEY_CFBundleDisplayName = "Venus Weather";
				INFOPLIST_KEY_LSApplicationCategoryType = "public.app-category.utilities";
				INFOPLIST_KEY_NSHumanReadableCopyright = "";
				LD_RUNPATH_SEARCH_PATHS = (
					"$(inherited)",
					"@executable_path/../Frameworks",
				);
				MARKETING_VERSION = 1.0;
				PRODUCT_BUNDLE_IDENTIFIER = dev.iciss.VenusWeatherMac;
				PRODUCT_NAME = "$(TARGET_NAME)";
				SWIFT_EMIT_LOC_STRINGS = YES;
				SWIFT_VERSION = 5.0;
			};
			name = Debug;
		};
		4094C8FA2A915BF3006EBE87 /* Release */ = {
			isa = XCBuildConfiguration;
			buildSettings = {
				ASSETCATALOG_COMPILER_APPICON_NAME = AppIcon;
				ASSETCATALOG_COMPILER_GLOBAL_ACCENT_COLOR_NAME = AccentColor;
				CODE_SIGN_ENTITLEMENTS = VenusWeatherMac/VenusWeatherMac.entitlements;
				CODE_SIGN_STYLE = Automatic;
				COMBINE_HIDPI_IMAGES = YES;
				CURRENT_PROJECT_VERSION = 1;
				DEVELOPMENT_ASSET_PATHS = "\"VenusWeatherMac/Preview Content\"";
				DEVELOPMENT_TEAM = ZM7Z6QL6F3;
				ENABLE_HARDENED_RUNTIME = YES;
				ENABLE_PREVIEWS = YES;
				GENERATE_INFOPLIST_FILE = YES;
				INFOPLIST_KEY_CFBundleDisplayName = "Venus Weather";
				INFOPLIST_KEY_LSApplicationCategoryType = "public.app-category.utilities";
				INFOPLIST_KEY_NSHumanReadableCopyright = "";
				LD_RUNPATH_SEARCH_PATHS = (
					"$(inherited)",
					"@executable_path/../Frameworks",
				);
				MARKETING_VERSION = 1.0;
				PRODUCT_BUNDLE_IDENTIFIER = dev.iciss.VenusWeatherMac;
				PRODUCT_NAME = "$(TARGET_NAME)";
				SWIFT_EMIT_LOC_STRINGS = YES;
				SWIFT_VERSION = 5.0;
			};
			name = Release;
		};
/* End XCBuildConfiguration section */

/* Begin XCConfigurationList section */
		4094C8DF2A915BF2006EBE87 /* Build configuration list for PBXProject "VenusWeatherMac" */ = {
			isa = XCConfigurationList;
			buildConfigurations = (
				4094C8F62A915BF3006EBE87 /* Debug */,
				4094C8F72A915BF3006EBE87 /* Release */,
			);
			defaultConfigurationIsVisible = 0;
			defaultConfigurationName = Release;
		};
		4094C8F82A915BF3006EBE87 /* Build configuration list for PBXNativeTarget "VenusWeatherMac" */ = {
			isa = XCConfigurationList;
			buildConfigurations = (
				4094C8F92A915BF3006EBE87 /* Debug */,
				4094C8FA2A915BF3006EBE87 /* Release */,
			);
			defaultConfigurationIsVisible = 0;
			defaultConfigurationName = Release;
		};
/* End XCConfigurationList section */
	};
	rootObject = 4094C8DC2A915BF2006EBE87 /* Project object */;
}
